
Microsoft Visual Studio Solution File, Format Version 12.00
# Visual Studio Version 17
VisualStudioVersion = 17.3.32922.545
MinimumVisualStudioVersion = 10.0.40219.1
Project("{FAE04EC0-301F-11D3-BF4B-00C04F79EFBC}") = "kalkulator", "kalkulator.csproj", "{FB1570A6-1B1B-45B1-8856-7F49A76C7E99}"
EndProject
Global
	GlobalSection(SolutionConfigurationPlatforms) = preSolution
		Debug|Any CPU = Debug|Any CPU
		Release|Any CPU = Release|Any CPU
	EndGlobalSection
	GlobalSection(ProjectConfigurationPlatforms) = postSolution
		{FB1570A6-1B1B-45B1-8856-7F49A76C7E99}.Debug|Any CPU.ActiveCfg = Debug|Any CPU
		{FB1570A6-1B1B-45B1-8856-7F49A76C7E99}.Debug|Any CPU.Build.0 = Debug|Any CPU
		{FB1570A6-1B1B-45B1-8856-7F49A76C7E99}.Release|Any CPU.ActiveCfg = Release|Any CPU
		{FB1570A6-1B1B-45B1-8856-7F49A76C7E99}.Release|Any CPU.Build.0 = Release|Any CPU
	EndGlobalSection
	GlobalSection(SolutionProperties) = preSolution
		HideSolutionNode = FALSE
	EndGlobalSection
	GlobalSection(ExtensibilityGlobals) = postSolution
		SolutionGuid = {5E5EF8B1-C800-4E48-963F-F9E47794C68A}
	EndGlobalSection
EndGlobal
